// !$*UTF8*$!
{
	archiveVersion = 1;
	classes = {
	};
	objectVersion = 54;
	objects = {

/* Begin PBXBuildFile section */
		43A94D85252370F400197CA0 /* ThorRecipes2App.swift in Sources */ = {isa = PBXBuildFile; fileRef = 43A94D84252370F400197CA0 /* ThorRecipes2App.swift */; };
		43A94D87252370F400197CA0 /* ContentView.swift in Sources */ = {isa = PBXBuildFile; fileRef = 43A94D86252370F400197CA0 /* ContentView.swift */; };
		43A94D89252370F400197CA0 /* Assets.xcassets in Resources */ = {isa = PBXBuildFile; fileRef = 43A94D88252370F400197CA0 /* Assets.xcassets */; };
		43A94D8C252370F400197CA0 /* Preview Assets.xcassets in Resources */ = {isa = PBXBuildFile; fileRef = 43A94D8B252370F400197CA0 /* Preview Assets.xcassets */; };
		43A94D8E252370F400197CA0 /* Persistence.swift in Sources */ = {isa = PBXBuildFile; fileRef = 43A94D8D252370F400197CA0 /* Persistence.swift */; };
		43A94D91252370F400197CA0 /* ThorRecipes2.xcdatamodeld in Sources */ = {isa = PBXBuildFile; fileRef = 43A94D8F252370F400197CA0 /* ThorRecipes2.xcdatamodeld */; };
		43A94D9C2523711200197CA0 /* CloudKit.framework in Frameworks */ = {isa = PBXBuildFile; fileRef = 43A94D9B2523711200197CA0 /* CloudKit.framework */; };
		43A94DA82523803800197CA0 /* RecipeCell.swift in Sources */ = {isa = PBXBuildFile; fileRef = 43A94DA72523803800197CA0 /* RecipeCell.swift */; };
		43A94DAB2523816000197CA0 /* RecipeDetail.swift in Sources */ = {isa = PBXBuildFile; fileRef = 43A94DAA2523816000197CA0 /* RecipeDetail.swift */; };
		43A94DB325238C5800197CA0 /* AddRecipeView.swift in Sources */ = {isa = PBXBuildFile; fileRef = 43A94DB225238C5800197CA0 /* AddRecipeView.swift */; };
		43A94DB62523946100197CA0 /* BOMicon.png in Resources */ = {isa = PBXBuildFile; fileRef = 43A94DB52523946100197CA0 /* BOMicon.png */; };
/* End PBXBuildFile section */

/* Begin PBXFileReference section */
		43A94D81252370F400197CA0 /* ThorRecipes2.app */ = {isa = PBXFileReference; explicitFileType = wrapper.application; includeInIndex = 0; path = ThorRecipes2.app; sourceTree = BUILT_PRODUCTS_DIR; };
		43A94D84252370F400197CA0 /* ThorRecipes2App.swift */ = {isa = PBXFileReference; lastKnownFileType = sourcecode.swift; path = ThorRecipes2App.swift; sourceTree = "<group>"; };
		43A94D86252370F400197CA0 /* ContentView.swift */ = {isa = PBXFileReference; lastKnownFileType = sourcecode.swift; path = ContentView.swift; sourceTree = "<group>"; };
		43A94D88252370F400197CA0 /* Assets.xcassets */ = {isa = PBXFileReference; lastKnownFileType = folder.assetcatalog; path = Assets.xcassets; sourceTree = "<group>"; };
		43A94D8B252370F400197CA0 /* Preview Assets.xcassets */ = {isa = PBXFileReference; lastKnownFileType = folder.assetcatalog; path = "Preview Assets.xcassets"; sourceTree = "<group>"; };
		43A94D8D252370F400197CA0 /* Persistence.swift */ = {isa = PBXFileReference; lastKnownFileType = sourcecode.swift; path = Persistence.swift; sourceTree = "<group>"; };
		43A94D90252370F400197CA0 /* ThorRecipes2.xcdatamodel */ = {isa = PBXFileReference; lastKnownFileType = wrapper.xcdatamodel; path = ThorRecipes2.xcdatamodel; sourceTree = "<group>"; };
		43A94D92252370F400197CA0 /* Info.plist */ = {isa = PBXFileReference; lastKnownFileType = text.plist.xml; path = Info.plist; sourceTree = "<group>"; };
		43A94D992523710F00197CA0 /* ThorRecipes2.entitlements */ = {isa = PBXFileReference; lastKnownFileType = text.plist.entitlements; path = ThorRecipes2.entitlements; sourceTree = "<group>"; };
		43A94D9B2523711200197CA0 /* CloudKit.framework */ = {isa = PBXFileReference; lastKnownFileType = wrapper.framework; name = CloudKit.framework; path = System/Library/Frameworks/CloudKit.framework; sourceTree = SDKROOT; };
		43A94DA72523803800197CA0 /* RecipeCell.swift */ = {isa = PBXFileReference; fileEncoding = 4; lastKnownFileType = sourcecode.swift; path = RecipeCell.swift; sourceTree = "<group>"; };
		43A94DAA2523816000197CA0 /* RecipeDetail.swift */ = {isa = PBXFileReference; fileEncoding = 4; lastKnownFileType = sourcecode.swift; path = RecipeDetail.swift; sourceTree = "<group>"; };
		43A94DB225238C5800197CA0 /* AddRecipeView.swift */ = {isa = PBXFileReference; lastKnownFileType = sourcecode.swift; path = AddRecipeView.swift; sourceTree = "<group>"; };
		43A94DB52523946100197CA0 /* BOMicon.png */ = {isa = PBXFileReference; lastKnownFileType = image.png; path = BOMicon.png; sourceTree = "<group>"; };
/* End PBXFileReference section */

/* Begin PBXFrameworksBuildPhase section */
		43A94D7E252370F400197CA0 /* Frameworks */ = {
			isa = PBXFrameworksBuildPhase;
			buildActionMask = 2147483647;
			files = (
				43A94D9C2523711200197CA0 /* CloudKit.framework in Frameworks */,
			);
			runOnlyForDeploymentPostprocessing = 0;
		};
/* End PBXFrameworksBuildPhase section */

/* Begin PBXGroup section */
		43A94D78252370F400197CA0 = {
			isa = PBXGroup;
			children = (
				43A94D83252370F400197CA0 /* ThorRecipes2 */,
				43A94D82252370F400197CA0 /* Products */,
				43A94D9A2523711200197CA0 /* Frameworks */,
			);
			sourceTree = "<group>";
		};
		43A94D82252370F400197CA0 /* Products */ = {
			isa = PBXGroup;
			children = (
				43A94D81252370F400197CA0 /* ThorRecipes2.app */,
			);
			name = Products;
			sourceTree = "<group>";
		};
		43A94D83252370F400197CA0 /* ThorRecipes2 */ = {
			isa = PBXGroup;
			children = (
				43A94D84252370F400197CA0 /* ThorRecipes2App.swift */,
				43A94D86252370F400197CA0 /* ContentView.swift */,
				43A94DA72523803800197CA0 /* RecipeCell.swift */,
				43A94DAA2523816000197CA0 /* RecipeDetail.swift */,
				43A94D88252370F400197CA0 /* Assets.xcassets */,
				43A94DB52523946100197CA0 /* BOMicon.png */,
				43A94D8D252370F400197CA0 /* Persistence.swift */,
				43A94D92252370F400197CA0 /* Info.plist */,
				43A94D8F252370F400197CA0 /* ThorRecipes2.xcdatamodeld */,
				43A94D992523710F00197CA0 /* ThorRecipes2.entitlements */,
				43A94D8A252370F400197CA0 /* Preview Content */,
				43A94DB225238C5800197CA0 /* AddRecipeView.swift */,
			);
			path = ThorRecipes2;
			sourceTree = "<group>";
		};
		43A94D8A252370F400197CA0 /* Preview Content */ = {
			isa = PBXGroup;
			children = (
				43A94D8B252370F400197CA0 /* Preview Assets.xcassets */,
			);
			path = "Preview Content";
			sourceTree = "<group>";
		};
		43A94D9A2523711200197CA0 /* Frameworks */ = {
			isa = PBXGroup;
			children = (
				43A94D9B2523711200197CA0 /* CloudKit.framework */,
			);
			name = Frameworks;
			sourceTree = "<group>";
		};
/* End PBXGroup section */

/* Begin PBXNativeTarget section */
		43A94D80252370F400197CA0 /* ThorRecipes2 */ = {
			isa = PBXNativeTarget;
			buildConfigurationList = 43A94D95252370F400197CA0 /* Build configuration list for PBXNativeTarget "ThorRecipes2" */;
			buildPhases = (
				43A94D7D252370F400197CA0 /* Sources */,
				43A94D7E252370F400197CA0 /* Frameworks */,
				43A94D7F252370F400197CA0 /* Resources */,
			);
			buildRules = (
			);
			dependencies = (
			);
			name = ThorRecipes2;
			productName = ThorRecipes2;
			productReference = 43A94D81252370F400197CA0 /* ThorRecipes2.app */;
			productType = "com.apple.product-type.application";
		};
/* End PBXNativeTarget section */

/* Begin PBXProject section */
		43A94D79252370F400197CA0 /* Project object */ = {
			isa = PBXProject;
			attributes = {
				LastSwiftUpdateCheck = 1200;
				LastUpgradeCheck = 1200;
				TargetAttributes = {
					43A94D80252370F400197CA0 = {
						CreatedOnToolsVersion = 12.0.1;
					};
				};
			};
			buildConfigurationList = 43A94D7C252370F400197CA0 /* Build configuration list for PBXProject "ThorRecipes2" */;
			compatibilityVersion = "Xcode 12.0";
			developmentRegion = en;
			hasScannedForEncodings = 0;
			knownRegions = (
				en,
				Base,
			);
			mainGroup = 43A94D78252370F400197CA0;
			productRefGroup = 43A94D82252370F400197CA0 /* Products */;
			projectDirPath = "";
			projectRoot = "";
			targets = (
				43A94D80252370F400197CA0 /* ThorRecipes2 */,
			);
		};
/* End PBXProject section */

/* Begin PBXResourcesBuildPhase section */
		43A94D7F252370F400197CA0 /* Resources */ = {
			isa = PBXResourcesBuildPhase;
			buildActionMask = 2147483647;
			files = (
				43A94D8C252370F400197CA0 /* Preview Assets.xcassets in Resources */,
				43A94D89252370F400197CA0 /* Assets.xcassets in Resources */,
				43A94DB62523946100197CA0 /* BOMicon.png in Resources */,
			);
			runOnlyForDeploymentPostprocessing = 0;
		};
/* End PBXResourcesBuildPhase section */

/* Begin PBXSourcesBuildPhase section */
		43A94D7D252370F400197CA0 /* Sources */ = {
			isa = PBXSourcesBuildPhase;
			buildActionMask = 2147483647;
			files = (
				43A94DB325238C5800197CA0 /* AddRecipeView.swift in Sources */,
				43A94DA82523803800197CA0 /* RecipeCell.swift in Sources */,
				43A94D8E252370F400197CA0 /* Persistence.swift in Sources */,
				43A94D87252370F400197CA0 /* ContentView.swift in Sources */,
				43A94D85252370F400197CA0 /* ThorRecipes2App.swift in Sources */,
				43A94DAB2523816000197CA0 /* RecipeDetail.swift in Sources */,
				43A94D91252370F400197CA0 /* ThorRecipes2.xcdatamodeld in Sources */,
			);
			runOnlyForDeploymentPostprocessing = 0;
		};
/* End PBXSourcesBuildPhase section */

/* Begin XCBuildConfiguration section */
		43A94D93252370F400197CA0 /* Debug */ = {
			isa = XCBuildConfiguration;
			buildSettings = {
				ALWAYS_SEARCH_USER_PATHS = NO;
				CLANG_ANALYZER_NONNULL = YES;
				CLANG_ANALYZER_NUMBER_OBJECT_CONVERSION = YES_AGGRESSIVE;
				CLANG_CXX_LANGUAGE_STANDARD = "gnu++14";
				CLANG_CXX_LIBRARY = "libc++";
				CLANG_ENABLE_MODULES = YES;
				CLANG_ENABLE_OBJC_ARC = YES;
				CLANG_ENABLE_OBJC_WEAK = YES;
				CLANG_WARN_BLOCK_CAPTURE_AUTORELEASING = YES;
				CLANG_WARN_BOOL_CONVERSION = YES;
				CLANG_WARN_COMMA = YES;
				CLANG_WARN_CONSTANT_CONVERSION = YES;
				CLANG_WARN_DEPRECATED_OBJC_IMPLEMENTATIONS = YES;
				CLANG_WARN_DIRECT_OBJC_ISA_USAGE = YES_ERROR;
				CLANG_WARN_DOCUMENTATION_COMMENTS = YES;
				CLANG_WARN_EMPTY_BODY = YES;
				CLANG_WARN_ENUM_CONVERSION = YES;
				CLANG_WARN_INFINITE_RECURSION = YES;
				CLANG_WARN_INT_CONVERSION = YES;
				CLANG_WARN_NON_LITERAL_NULL_CONVERSION = YES;
				CLANG_WARN_OBJC_IMPLICIT_RETAIN_SELF = YES;
				CLANG_WARN_OBJC_LITERAL_CONVERSION = YES;
				CLANG_WARN_OBJC_ROOT_CLASS = YES_ERROR;
				CLANG_WARN_QUOTED_INCLUDE_IN_FRAMEWORK_HEADER = YES;
				CLANG_WARN_RANGE_LOOP_ANALYSIS = YES;
				CLANG_WARN_STRICT_PROTOTYPES = YES;
				CLANG_WARN_SUSPICIOUS_MOVE = YES;
				CLANG_WARN_UNGUARDED_AVAILABILITY = YES_AGGRESSIVE;
				CLANG_WARN_UNREACHABLE_CODE = YES;
				CLANG_WARN__DUPLICATE_METHOD_MATCH = YES;
				COPY_PHASE_STRIP = NO;
				DEBUG_INFORMATION_FORMAT = dwarf;
				ENABLE_STRICT_OBJC_MSGSEND = YES;
				ENABLE_TESTABILITY = YES;
				GCC_C_LANGUAGE_STANDARD = gnu11;
				GCC_DYNAMIC_NO_PIC = NO;
				GCC_NO_COMMON_BLOCKS = YES;
				GCC_OPTIMIZATION_LEVEL = 0;
				GCC_PREPROCESSOR_DEFINITIONS = (
					"DEBUG=1",
					"$(inherited)",
				);
				GCC_WARN_64_TO_32_BIT_CONVERSION = YES;
				GCC_WARN_ABOUT_RETURN_TYPE = YES_ERROR;
				GCC_WARN_UNDECLARED_SELECTOR = YES;
				GCC_WARN_UNINITIALIZED_AUTOS = YES_AGGRESSIVE;
				GCC_WARN_UNUSED_FUNCTION = YES;
				GCC_WARN_UNUSED_VARIABLE = YES;
				IPHONEOS_DEPLOYMENT_TARGET = 14.0;
				MTL_ENABLE_DEBUG_INFO = INCLUDE_SOURCE;
				MTL_FAST_MATH = YES;
				ONLY_ACTIVE_ARCH = YES;
				SDKROOT = iphoneos;
				SWIFT_ACTIVE_COMPILATION_CONDITIONS = DEBUG;
				SWIFT_OPTIMIZATION_LEVEL = "-Onone";
			};
			name = Debug;
		};
		43A94D94252370F400197CA0 /* Release */ = {
			isa = XCBuildConfiguration;
			buildSettings = {
				ALWAYS_SEARCH_USER_PATHS = NO;
				CLANG_ANALYZER_NONNULL = YES;
				CLANG_ANALYZER_NUMBER_OBJECT_CONVERSION = YES_AGGRESSIVE;
				CLANG_CXX_LANGUAGE_STANDARD = "gnu++14";
				CLANG_CXX_LIBRARY = "libc++";
				CLANG_ENABLE_MODULES = YES;
				CLANG_ENABLE_OBJC_ARC = YES;
				CLANG_ENABLE_OBJC_WEAK = YES;
				CLANG_WARN_BLOCK_CAPTURE_AUTORELEASING = YES;
				CLANG_WARN_BOOL_CONVERSION = YES;
				CLANG_WARN_COMMA = YES;
				CLANG_WARN_CONSTANT_CONVERSION = YES;
				CLANG_WARN_DEPRECATED_OBJC_IMPLEMENTATIONS = YES;
				CLANG_WARN_DIRECT_OBJC_ISA_USAGE = YES_ERROR;
				CLANG_WARN_DOCUMENTATION_COMMENTS = YES;
				CLANG_WARN_EMPTY_BODY = YES;
				CLANG_WARN_ENUM_CONVERSION = YES;
				CLANG_WARN_INFINITE_RECURSION = YES;
				CLANG_WARN_INT_CONVERSION = YES;
				CLANG_WARN_NON_LITERAL_NULL_CONVERSION = YES;
				CLANG_WARN_OBJC_IMPLICIT_RETAIN_SELF = YES;
				CLANG_WARN_OBJC_LITERAL_CONVERSION = YES;
				CLANG_WARN_OBJC_ROOT_CLASS = YES_ERROR;
				CLANG_WARN_QUOTED_INCLUDE_IN_FRAMEWORK_HEADER = YES;
				CLANG_WARN_RANGE_LOOP_ANALYSIS = YES;
				CLANG_WARN_STRICT_PROTOTYPES = YES;
				CLANG_WARN_SUSPICIOUS_MOVE = YES;
				CLANG_WARN_UNGUARDED_AVAILABILITY = YES_AGGRESSIVE;
				CLANG_WARN_UNREACHABLE_CODE = YES;
				CLANG_WARN__DUPLICATE_METHOD_MATCH = YES;
				COPY_PHASE_STRIP = NO;
				DEBUG_INFORMATION_FORMAT = "dwarf-with-dsym";
				ENABLE_NS_ASSERTIONS = NO;
				ENABLE_STRICT_OBJC_MSGSEND = YES;
				GCC_C_LANGUAGE_STANDARD = gnu11;
				GCC_NO_COMMON_BLOCKS = YES;
				GCC_WARN_64_TO_32_BIT_CONVERSION = YES;
				GCC_WARN_ABOUT_RETURN_TYPE = YES_ERROR;
				GCC_WARN_UNDECLARED_SELECTOR = YES;
				GCC_WARN_UNINITIALIZED_AUTOS = YES_AGGRESSIVE;
				GCC_WARN_UNUSED_FUNCTION = YES;
				GCC_WARN_UNUSED_VARIABLE = YES;
				IPHONEOS_DEPLOYMENT_TARGET = 14.0;
				MTL_ENABLE_DEBUG_INFO = NO;
				MTL_FAST_MATH = YES;
				SDKROOT = iphoneos;
				SWIFT_COMPILATION_MODE = wholemodule;
				SWIFT_OPTIMIZATION_LEVEL = "-O";
				VALIDATE_PRODUCT = YES;
			};
			name = Release;
		};
		43A94D96252370F400197CA0 /* Debug */ = {
			isa = XCBuildConfiguration;
			buildSettings = {
				ASSETCATALOG_COMPILER_APPICON_NAME = AppIcon;
				ASSETCATALOG_COMPILER_GLOBAL_ACCENT_COLOR_NAME = AccentColor;
				CODE_SIGN_ENTITLEMENTS = ThorRecipes2/ThorRecipes2.entitlements;
				CODE_SIGN_STYLE = Automatic;
				DEVELOPMENT_ASSET_PATHS = "\"ThorRecipes2/Preview Content\"";
				DEVELOPMENT_TEAM = P7N73XRW62;
				ENABLE_PREVIEWS = YES;
				INFOPLIST_FILE = ThorRecipes2/Info.plist;
				IPHONEOS_DEPLOYMENT_TARGET = 14.0;
				LD_RUNPATH_SEARCH_PATHS = (
					"$(inherited)",
					"@executable_path/Frameworks",
				);
				PRODUCT_BUNDLE_IDENTIFIER = com.thormountaincode.ThorRecipes2;
				PRODUCT_NAME = "$(TARGET_NAME)";
				SWIFT_VERSION = 5.0;
				TARGETED_DEVICE_FAMILY = "1,2";
			};
			name = Debug;
		};
		43A94D97252370F400197CA0 /* Release */ = {
			isa = XCBuildConfiguration;
			buildSettings = {
				ASSETCATALOG_COMPILER_APPICON_NAME = AppIcon;
				ASSETCATALOG_COMPILER_GLOBAL_ACCENT_COLOR_NAME = AccentColor;
				CODE_SIGN_ENTITLEMENTS = ThorRecipes2/ThorRecipes2.entitlements;
				CODE_SIGN_STYLE = Automatic;
				DEVELOPMENT_ASSET_PATHS = "\"ThorRecipes2/Preview Content\"";
				DEVELOPMENT_TEAM = P7N73XRW62;
				ENABLE_PREVIEWS = YES;
				INFOPLIST_FILE = ThorRecipes2/Info.plist;
				IPHONEOS_DEPLOYMENT_TARGET = 14.0;
				LD_RUNPATH_SEARCH_PATHS = (
					"$(inherited)",
					"@executable_path/Frameworks",
				);
				PRODUCT_BUNDLE_IDENTIFIER = com.thormountaincode.ThorRecipes2;
				PRODUCT_NAME = "$(TARGET_NAME)";
				SWIFT_VERSION = 5.0;
				TARGETED_DEVICE_FAMILY = "1,2";
			};
			name = Release;
		};
/* End XCBuildConfiguration section */

/* Begin XCConfigurationList section */
		43A94D7C252370F400197CA0 /* Build configuration list for PBXProject "ThorRecipes2" */ = {
			isa = XCConfigurationList;
			buildConfigurations = (
				43A94D93252370F400197CA0 /* Debug */,
				43A94D94252370F400197CA0 /* Release */,
			);
			defaultConfigurationIsVisible = 0;
			defaultConfigurationName = Release;
		};
		43A94D95252370F400197CA0 /* Build configuration list for PBXNativeTarget "ThorRecipes2" */ = {
			isa = XCConfigurationList;
			buildConfigurations = (
				43A94D96252370F400197CA0 /* Debug */,
				43A94D97252370F400197CA0 /* Release */,
			);
			defaultConfigurationIsVisible = 0;
			defaultConfigurationName = Release;
		};
/* End XCConfigurationList section */

/* Begin XCVersionGroup section */
		43A94D8F252370F400197CA0 /* ThorRecipes2.xcdatamodeld */ = {
			isa = XCVersionGroup;
			children = (
				43A94D90252370F400197CA0 /* ThorRecipes2.xcdatamodel */,
			);
			currentVersion = 43A94D90252370F400197CA0 /* ThorRecipes2.xcdatamodel */;
			path = ThorRecipes2.xcdatamodeld;
			sourceTree = "<group>";
			versionGroupType = wrapper.xcdatamodel;
		};
/* End XCVersionGroup section */
	};
	rootObject = 43A94D79252370F400197CA0 /* Project object */;
}
